// !$*UTF8*$!
{
	archiveVersion = 1;
	classes = {
	};
	objectVersion = 46;
	objects = {

/* Begin PBXBuildFile section */
		DA8ADEB2167303BB0019C595 /* UIKit.framework in Frameworks */ = {isa = PBXBuildFile; fileRef = DA8ADEB1167303BB0019C595 /* UIKit.framework */; };
		DA8ADEB4167303BB0019C595 /* Foundation.framework in Frameworks */ = {isa = PBXBuildFile; fileRef = DA8ADEB3167303BB0019C595 /* Foundation.framework */; };
		DA8ADEB6167303BB0019C595 /* CoreGraphics.framework in Frameworks */ = {isa = PBXBuildFile; fileRef = DA8ADEB5167303BB0019C595 /* CoreGraphics.framework */; };
		DA8ADEBC167303BB0019C595 /* InfoPlist.strings in Resources */ = {isa = PBXBuildFile; fileRef = DA8ADEBA167303BB0019C595 /* InfoPlist.strings */; };
		DA8ADEBE167303BB0019C595 /* main.m in Sources */ = {isa = PBXBuildFile; fileRef = DA8ADEBD167303BB0019C595 /* main.m */; };
		DA8ADEC2167303BB0019C595 /* AppDelegate.m in Sources */ = {isa = PBXBuildFile; fileRef = DA8ADEC1167303BB0019C595 /* AppDelegate.m */; };
		DA8ADEC4167303BB0019C595 /* Default.png in Resources */ = {isa = PBXBuildFile; fileRef = DA8ADEC3167303BB0019C595 /* Default.png */; };
		DA8ADEC6167303BB0019C595 /* Default@2x.png in Resources */ = {isa = PBXBuildFile; fileRef = DA8ADEC5167303BB0019C595 /* Default@2x.png */; };
		DA8ADEC8167303BB0019C595 /* Default-568h@2x.png in Resources */ = {isa = PBXBuildFile; fileRef = DA8ADEC7167303BB0019C595 /* Default-568h@2x.png */; };
		DA8ADECB167303BB0019C595 /* MainStoryboard.storyboard in Resources */ = {isa = PBXBuildFile; fileRef = DA8ADEC9167303BB0019C595 /* MainStoryboard.storyboard */; };
		DA8ADECE167303BB0019C595 /* FirstViewController.m in Sources */ = {isa = PBXBuildFile; fileRef = DA8ADECD167303BB0019C595 /* FirstViewController.m */; };
		DA8ADED0167303BB0019C595 /* first.png in Resources */ = {isa = PBXBuildFile; fileRef = DA8ADECF167303BB0019C595 /* first.png */; };
		DA8ADED2167303BB0019C595 /* first@2x.png in Resources */ = {isa = PBXBuildFile; fileRef = DA8ADED1167303BB0019C595 /* first@2x.png */; };
		DA8ADED5167303BB0019C595 /* SecondViewController.m in Sources */ = {isa = PBXBuildFile; fileRef = DA8ADED4167303BB0019C595 /* SecondViewController.m */; };
		DA8ADED7167303BB0019C595 /* second.png in Resources */ = {isa = PBXBuildFile; fileRef = DA8ADED6167303BB0019C595 /* second.png */; };
		DA8ADED9167303BB0019C595 /* second@2x.png in Resources */ = {isa = PBXBuildFile; fileRef = DA8ADED8167303BB0019C595 /* second@2x.png */; };
		DA8ADEE1167303BC0019C595 /* SenTestingKit.framework in Frameworks */ = {isa = PBXBuildFile; fileRef = DA8ADEE0167303BC0019C595 /* SenTestingKit.framework */; };
		DA8ADEE2167303BC0019C595 /* UIKit.framework in Frameworks */ = {isa = PBXBuildFile; fileRef = DA8ADEB1167303BB0019C595 /* UIKit.framework */; };
		DA8ADEE3167303BC0019C595 /* Foundation.framework in Frameworks */ = {isa = PBXBuildFile; fileRef = DA8ADEB3167303BB0019C595 /* Foundation.framework */; };
		DA8ADEEB167303BC0019C595 /* InfoPlist.strings in Resources */ = {isa = PBXBuildFile; fileRef = DA8ADEE9167303BC0019C595 /* InfoPlist.strings */; };
		DA8ADEEE167303BC0019C595 /* busTests.m in Sources */ = {isa = PBXBuildFile; fileRef = DA8ADEED167303BC0019C595 /* busTests.m */; };
/* End PBXBuildFile section */

/* Begin PBXContainerItemProxy section */
		DA8ADEE4167303BC0019C595 /* PBXContainerItemProxy */ = {
			isa = PBXContainerItemProxy;
			containerPortal = DA8ADEA4167303BB0019C595 /* Project object */;
			proxyType = 1;
			remoteGlobalIDString = DA8ADEAC167303BB0019C595;
			remoteInfo = bus;
		};
/* End PBXContainerItemProxy section */

/* Begin PBXFileReference section */
		DA8ADEAD167303BB0019C595 /* bus.app */ = {isa = PBXFileReference; explicitFileType = wrapper.application; includeInIndex = 0; path = bus.app; sourceTree = BUILT_PRODUCTS_DIR; };
		DA8ADEB1167303BB0019C595 /* UIKit.framework */ = {isa = PBXFileReference; lastKnownFileType = wrapper.framework; name = UIKit.framework; path = System/Library/Frameworks/UIKit.framework; sourceTree = SDKROOT; };
		DA8ADEB3167303BB0019C595 /* Foundation.framework */ = {isa = PBXFileReference; lastKnownFileType = wrapper.framework; name = Foundation.framework; path = System/Library/Frameworks/Foundation.framework; sourceTree = SDKROOT; };
		DA8ADEB5167303BB0019C595 /* CoreGraphics.framework */ = {isa = PBXFileReference; lastKnownFileType = wrapper.framework; name = CoreGraphics.framework; path = System/Library/Frameworks/CoreGraphics.framework; sourceTree = SDKROOT; };
		DA8ADEB9167303BB0019C595 /* bus-Info.plist */ = {isa = PBXFileReference; lastKnownFileType = text.plist.xml; path = "bus-Info.plist"; sourceTree = "<group>"; };
		DA8ADEBB167303BB0019C595 /* en */ = {isa = PBXFileReference; lastKnownFileType = text.plist.strings; name = en; path = en.lproj/InfoPlist.strings; sourceTree = "<group>"; };
		DA8ADEBD167303BB0019C595 /* main.m */ = {isa = PBXFileReference; lastKnownFileType = sourcecode.c.objc; path = main.m; sourceTree = "<group>"; };
		DA8ADEBF167303BB0019C595 /* bus-Prefix.pch */ = {isa = PBXFileReference; lastKnownFileType = sourcecode.c.h; path = "bus-Prefix.pch"; sourceTree = "<group>"; };
		DA8ADEC0167303BB0019C595 /* AppDelegate.h */ = {isa = PBXFileReference; lastKnownFileType = sourcecode.c.h; path = AppDelegate.h; sourceTree = "<group>"; };
		DA8ADEC1167303BB0019C595 /* AppDelegate.m */ = {isa = PBXFileReference; lastKnownFileType = sourcecode.c.objc; path = AppDelegate.m; sourceTree = "<group>"; };
		DA8ADEC3167303BB0019C595 /* Default.png */ = {isa = PBXFileReference; lastKnownFileType = image.png; path = Default.png; sourceTree = "<group>"; };
		DA8ADEC5167303BB0019C595 /* Default@2x.png */ = {isa = PBXFileReference; lastKnownFileType = image.png; path = "Default@2x.png"; sourceTree = "<group>"; };
		DA8ADEC7167303BB0019C595 /* Default-568h@2x.png */ = {isa = PBXFileReference; lastKnownFileType = image.png; path = "Default-568h@2x.png"; sourceTree = "<group>"; };
		DA8ADECA167303BB0019C595 /* en */ = {isa = PBXFileReference; lastKnownFileType = file.storyboard; name = en; path = en.lproj/MainStoryboard.storyboard; sourceTree = "<group>"; };
		DA8ADECC167303BB0019C595 /* FirstViewController.h */ = {isa = PBXFileReference; lastKnownFileType = sourcecode.c.h; path = FirstViewController.h; sourceTree = "<group>"; };
		DA8ADECD167303BB0019C595 /* FirstViewController.m */ = {isa = PBXFileReference; lastKnownFileType = sourcecode.c.objc; path = FirstViewController.m; sourceTree = "<group>"; };
		DA8ADECF167303BB0019C595 /* first.png */ = {isa = PBXFileReference; lastKnownFileType = image.png; path = first.png; sourceTree = "<group>"; };
		DA8ADED1167303BB0019C595 /* first@2x.png */ = {isa = PBXFileReference; lastKnownFileType = image.png; path = "first@2x.png"; sourceTree = "<group>"; };
		DA8ADED3167303BB0019C595 /* SecondViewController.h */ = {isa = PBXFileReference; lastKnownFileType = sourcecode.c.h; path = SecondViewController.h; sourceTree = "<group>"; };
		DA8ADED4167303BB0019C595 /* SecondViewController.m */ = {isa = PBXFileReference; lastKnownFileType = sourcecode.c.objc; path = SecondViewController.m; sourceTree = "<group>"; };
		DA8ADED6167303BB0019C595 /* second.png */ = {isa = PBXFileReference; lastKnownFileType = image.png; path = second.png; sourceTree = "<group>"; };
		DA8ADED8167303BB0019C595 /* second@2x.png */ = {isa = PBXFileReference; lastKnownFileType = image.png; path = "second@2x.png"; sourceTree = "<group>"; };
		DA8ADEDF167303BC0019C595 /* busTests.octest */ = {isa = PBXFileReference; explicitFileType = wrapper.cfbundle; includeInIndex = 0; path = busTests.octest; sourceTree = BUILT_PRODUCTS_DIR; };
		DA8ADEE0167303BC0019C595 /* SenTestingKit.framework */ = {isa = PBXFileReference; lastKnownFileType = wrapper.framework; name = SenTestingKit.framework; path = Library/Frameworks/SenTestingKit.framework; sourceTree = DEVELOPER_DIR; };
		DA8ADEE8167303BC0019C595 /* busTests-Info.plist */ = {isa = PBXFileReference; lastKnownFileType = text.plist.xml; path = "busTests-Info.plist"; sourceTree = "<group>"; };
		DA8ADEEA167303BC0019C595 /* en */ = {isa = PBXFileReference; lastKnownFileType = text.plist.strings; name = en; path = en.lproj/InfoPlist.strings; sourceTree = "<group>"; };
		DA8ADEEC167303BC0019C595 /* busTests.h */ = {isa = PBXFileReference; lastKnownFileType = sourcecode.c.h; path = busTests.h; sourceTree = "<group>"; };
		DA8ADEED167303BC0019C595 /* busTests.m */ = {isa = PBXFileReference; lastKnownFileType = sourcecode.c.objc; path = busTests.m; sourceTree = "<group>"; };
/* End PBXFileReference section */

/* Begin PBXFrameworksBuildPhase section */
		DA8ADEAA167303BB0019C595 /* Frameworks */ = {
			isa = PBXFrameworksBuildPhase;
			buildActionMask = 2147483647;
			files = (
				DA8ADEB2167303BB0019C595 /* UIKit.framework in Frameworks */,
				DA8ADEB4167303BB0019C595 /* Foundation.framework in Frameworks */,
				DA8ADEB6167303BB0019C595 /* CoreGraphics.framework in Frameworks */,
			);
			runOnlyForDeploymentPostprocessing = 0;
		};
		DA8ADEDB167303BC0019C595 /* Frameworks */ = {
			isa = PBXFrameworksBuildPhase;
			buildActionMask = 2147483647;
			files = (
				DA8ADEE1167303BC0019C595 /* SenTestingKit.framework in Frameworks */,
				DA8ADEE2167303BC0019C595 /* UIKit.framework in Frameworks */,
				DA8ADEE3167303BC0019C595 /* Foundation.framework in Frameworks */,
			);
			runOnlyForDeploymentPostprocessing = 0;
		};
/* End PBXFrameworksBuildPhase section */

/* Begin PBXGroup section */
		DA8ADEA2167303BB0019C595 = {
			isa = PBXGroup;
			children = (
				DA8ADEB7167303BB0019C595 /* bus */,
				DA8ADEE6167303BC0019C595 /* busTests */,
				DA8ADEB0167303BB0019C595 /* Frameworks */,
				DA8ADEAE167303BB0019C595 /* Products */,
			);
			sourceTree = "<group>";
		};
		DA8ADEAE167303BB0019C595 /* Products */ = {
			isa = PBXGroup;
			children = (
				DA8ADEAD167303BB0019C595 /* bus.app */,
				DA8ADEDF167303BC0019C595 /* busTests.octest */,
			);
			name = Products;
			sourceTree = "<group>";
		};
		DA8ADEB0167303BB0019C595 /* Frameworks */ = {
			isa = PBXGroup;
			children = (
				DA8ADEB1167303BB0019C595 /* UIKit.framework */,
				DA8ADEB3167303BB0019C595 /* Foundation.framework */,
				DA8ADEB5167303BB0019C595 /* CoreGraphics.framework */,
				DA8ADEE0167303BC0019C595 /* SenTestingKit.framework */,
			);
			name = Frameworks;
			sourceTree = "<group>";
		};
		DA8ADEB7167303BB0019C595 /* bus */ = {
			isa = PBXGroup;
			children = (
				DA8ADEC0167303BB0019C595 /* AppDelegate.h */,
				DA8ADEC1167303BB0019C595 /* AppDelegate.m */,
				DA8ADEC9167303BB0019C595 /* MainStoryboard.storyboard */,
				DA8ADECC167303BB0019C595 /* FirstViewController.h */,
				DA8ADECD167303BB0019C595 /* FirstViewController.m */,
				DA8ADECF167303BB0019C595 /* first.png */,
				DA8ADED1167303BB0019C595 /* first@2x.png */,
				DA8ADED3167303BB0019C595 /* SecondViewController.h */,
				DA8ADED4167303BB0019C595 /* SecondViewController.m */,
				DA8ADED6167303BB0019C595 /* second.png */,
				DA8ADED8167303BB0019C595 /* second@2x.png */,
				DA8ADEB8167303BB0019C595 /* Supporting Files */,
			);
			path = bus;
			sourceTree = "<group>";
		};
		DA8ADEB8167303BB0019C595 /* Supporting Files */ = {
			isa = PBXGroup;
			children = (
				DA8ADEB9167303BB0019C595 /* bus-Info.plist */,
				DA8ADEBA167303BB0019C595 /* InfoPlist.strings */,
				DA8ADEBD167303BB0019C595 /* main.m */,
				DA8ADEBF167303BB0019C595 /* bus-Prefix.pch */,
				DA8ADEC3167303BB0019C595 /* Default.png */,
				DA8ADEC5167303BB0019C595 /* Default@2x.png */,
				DA8ADEC7167303BB0019C595 /* Default-568h@2x.png */,
			);
			name = "Supporting Files";
			sourceTree = "<group>";
		};
		DA8ADEE6167303BC0019C595 /* busTests */ = {
			isa = PBXGroup;
			children = (
				DA8ADEEC167303BC0019C595 /* busTests.h */,
				DA8ADEED167303BC0019C595 /* busTests.m */,
				DA8ADEE7167303BC0019C595 /* Supporting Files */,
			);
			path = busTests;
			sourceTree = "<group>";
		};
		DA8ADEE7167303BC0019C595 /* Supporting Files */ = {
			isa = PBXGroup;
			children = (
				DA8ADEE8167303BC0019C595 /* busTests-Info.plist */,
				DA8ADEE9167303BC0019C595 /* InfoPlist.strings */,
			);
			name = "Supporting Files";
			sourceTree = "<group>";
		};
/* End PBXGroup section */

/* Begin PBXNativeTarget section */
		DA8ADEAC167303BB0019C595 /* bus */ = {
			isa = PBXNativeTarget;
			buildConfigurationList = DA8ADEF1167303BC0019C595 /* Build configuration list for PBXNativeTarget "bus" */;
			buildPhases = (
				DA8ADEA9167303BB0019C595 /* Sources */,
				DA8ADEAA167303BB0019C595 /* Frameworks */,
				DA8ADEAB167303BB0019C595 /* Resources */,
			);
			buildRules = (
			);
			dependencies = (
			);
			name = bus;
			productName = bus;
			productReference = DA8ADEAD167303BB0019C595 /* bus.app */;
			productType = "com.apple.product-type.application";
		};
		DA8ADEDE167303BC0019C595 /* busTests */ = {
			isa = PBXNativeTarget;
			buildConfigurationList = DA8ADEF4167303BC0019C595 /* Build configuration list for PBXNativeTarget "busTests" */;
			buildPhases = (
				DA8ADEDA167303BC0019C595 /* Sources */,
				DA8ADEDB167303BC0019C595 /* Frameworks */,
				DA8ADEDC167303BC0019C595 /* Resources */,
				DA8ADEDD167303BC0019C595 /* ShellScript */,
			);
			buildRules = (
			);
			dependencies = (
				DA8ADEE5167303BC0019C595 /* PBXTargetDependency */,
			);
			name = busTests;
			productName = busTests;
			productReference = DA8ADEDF167303BC0019C595 /* busTests.octest */;
			productType = "com.apple.product-type.bundle";
		};
/* End PBXNativeTarget section */

/* Begin PBXProject section */
		DA8ADEA4167303BB0019C595 /* Project object */ = {
			isa = PBXProject;
			attributes = {
				LastUpgradeCheck = 0450;
				ORGANIZATIONNAME = ooshiro;
			};
			buildConfigurationList = DA8ADEA7167303BB0019C595 /* Build configuration list for PBXProject "bus" */;
			compatibilityVersion = "Xcode 3.2";
			developmentRegion = English;
			hasScannedForEncodings = 0;
			knownRegions = (
				en,
			);
			mainGroup = DA8ADEA2167303BB0019C595;
			productRefGroup = DA8ADEAE167303BB0019C595 /* Products */;
			projectDirPath = "";
			projectRoot = "";
			targets = (
				DA8ADEAC167303BB0019C595 /* bus */,
				DA8ADEDE167303BC0019C595 /* busTests */,
			);
		};
/* End PBXProject section */

/* Begin PBXResourcesBuildPhase section */
		DA8ADEAB167303BB0019C595 /* Resources */ = {
			isa = PBXResourcesBuildPhase;
			buildActionMask = 2147483647;
			files = (
				DA8ADEBC167303BB0019C595 /* InfoPlist.strings in Resources */,
				DA8ADEC4167303BB0019C595 /* Default.png in Resources */,
				DA8ADEC6167303BB0019C595 /* Default@2x.png in Resources */,
				DA8ADEC8167303BB0019C595 /* Default-568h@2x.png in Resources */,
				DA8ADECB167303BB0019C595 /* MainStoryboard.storyboard in Resources */,
				DA8ADED0167303BB0019C595 /* first.png in Resources */,
				DA8ADED2167303BB0019C595 /* first@2x.png in Resources */,
				DA8ADED7167303BB0019C595 /* second.png in Resources */,
				DA8ADED9167303BB0019C595 /* second@2x.png in Resources */,
			);
			runOnlyForDeploymentPostprocessing = 0;
		};
		DA8ADEDC167303BC0019C595 /* Resources */ = {
			isa = PBXResourcesBuildPhase;
			buildActionMask = 2147483647;
			files = (
				DA8ADEEB167303BC0019C595 /* InfoPlist.strings in Resources */,
			);
			runOnlyForDeploymentPostprocessing = 0;
		};
/* End PBXResourcesBuildPhase section */

/* Begin PBXShellScriptBuildPhase section */
		DA8ADEDD167303BC0019C595 /* ShellScript */ = {
			isa = PBXShellScriptBuildPhase;
			buildActionMask = 2147483647;
			files = (
			);
			inputPaths = (
			);
			outputPaths = (
			);
			runOnlyForDeploymentPostprocessing = 0;
			shellPath = /bin/sh;
			shellScript = "# Run the unit tests in this test bundle.\n\"${SYSTEM_DEVELOPER_DIR}/Tools/RunUnitTests\"\n";
		};
/* End PBXShellScriptBuildPhase section */

/* Begin PBXSourcesBuildPhase section */
		DA8ADEA9167303BB0019C595 /* Sources */ = {
			isa = PBXSourcesBuildPhase;
			buildActionMask = 2147483647;
			files = (
				DA8ADEBE167303BB0019C595 /* main.m in Sources */,
				DA8ADEC2167303BB0019C595 /* AppDelegate.m in Sources */,
				DA8ADECE167303BB0019C595 /* FirstViewController.m in Sources */,
				DA8ADED5167303BB0019C595 /* SecondViewController.m in Sources */,
			);
			runOnlyForDeploymentPostprocessing = 0;
		};
		DA8ADEDA167303BC0019C595 /* Sources */ = {
			isa = PBXSourcesBuildPhase;
			buildActionMask = 2147483647;
			files = (
				DA8ADEEE167303BC0019C595 /* busTests.m in Sources */,
			);
			runOnlyForDeploymentPostprocessing = 0;
		};
/* End PBXSourcesBuildPhase section */

/* Begin PBXTargetDependency section */
		DA8ADEE5167303BC0019C595 /* PBXTargetDependency */ = {
			isa = PBXTargetDependency;
			target = DA8ADEAC167303BB0019C595 /* bus */;
			targetProxy = DA8ADEE4167303BC0019C595 /* PBXContainerItemProxy */;
		};
/* End PBXTargetDependency section */

/* Begin PBXVariantGroup section */
		DA8ADEBA167303BB0019C595 /* InfoPlist.strings */ = {
			isa = PBXVariantGroup;
			children = (
				DA8ADEBB167303BB0019C595 /* en */,
			);
			name = InfoPlist.strings;
			sourceTree = "<group>";
		};
		DA8ADEC9167303BB0019C595 /* MainStoryboard.storyboard */ = {
			isa = PBXVariantGroup;
			children = (
				DA8ADECA167303BB0019C595 /* en */,
			);
			name = MainStoryboard.storyboard;
			sourceTree = "<group>";
		};
		DA8ADEE9167303BC0019C595 /* InfoPlist.strings */ = {
			isa = PBXVariantGroup;
			children = (
				DA8ADEEA167303BC0019C595 /* en */,
			);
			name = InfoPlist.strings;
			sourceTree = "<group>";
		};
/* End PBXVariantGroup section */

/* Begin XCBuildConfiguration section */
		DA8ADEEF167303BC0019C595 /* Debug */ = {
			isa = XCBuildConfiguration;
			buildSettings = {
				ALWAYS_SEARCH_USER_PATHS = NO;
				CLANG_CXX_LANGUAGE_STANDARD = "gnu++0x";
				CLANG_CXX_LIBRARY = "libc++";
				CLANG_ENABLE_OBJC_ARC = YES;
				CLANG_WARN_EMPTY_BODY = YES;
				CLANG_WARN__DUPLICATE_METHOD_MATCH = YES;
				"CODE_SIGN_IDENTITY[sdk=iphoneos*]" = "iPhone Developer";
				COPY_PHASE_STRIP = NO;
				GCC_C_LANGUAGE_STANDARD = gnu99;
				GCC_DYNAMIC_NO_PIC = NO;
				GCC_OPTIMIZATION_LEVEL = 0;
				GCC_PREPROCESSOR_DEFINITIONS = (
					"DEBUG=1",
					"$(inherited)",
				);
				GCC_SYMBOLS_PRIVATE_EXTERN = NO;
				GCC_WARN_ABOUT_RETURN_TYPE = YES;
				GCC_WARN_UNINITIALIZED_AUTOS = YES;
				GCC_WARN_UNUSED_VARIABLE = YES;
				IPHONEOS_DEPLOYMENT_TARGET = 6.0;
				ONLY_ACTIVE_ARCH = YES;
				SDKROOT = iphoneos;
			};
			name = Debug;
		};
		DA8ADEF0167303BC0019C595 /* Release */ = {
			isa = XCBuildConfiguration;
			buildSettings = {
				ALWAYS_SEARCH_USER_PATHS = NO;
				CLANG_CXX_LANGUAGE_STANDARD = "gnu++0x";
				CLANG_CXX_LIBRARY = "libc++";
				CLANG_ENABLE_OBJC_ARC = YES;
				CLANG_WARN_EMPTY_BODY = YES;
				CLANG_WARN__DUPLICATE_METHOD_MATCH = YES;
				"CODE_SIGN_IDENTITY[sdk=iphoneos*]" = "iPhone Developer";
				COPY_PHASE_STRIP = YES;
				GCC_C_LANGUAGE_STANDARD = gnu99;
				GCC_WARN_ABOUT_RETURN_TYPE = YES;
				GCC_WARN_UNINITIALIZED_AUTOS = YES;
				GCC_WARN_UNUSED_VARIABLE = YES;
				IPHONEOS_DEPLOYMENT_TARGET = 6.0;
				OTHER_CFLAGS = "-DNS_BLOCK_ASSERTIONS=1";
				SDKROOT = iphoneos;
				VALIDATE_PRODUCT = YES;
			};
			name = Release;
		};
		DA8ADEF2167303BC0019C595 /* Debug */ = {
			isa = XCBuildConfiguration;
			buildSettings = {
				GCC_PRECOMPILE_PREFIX_HEADER = YES;
				GCC_PREFIX_HEADER = "bus/bus-Prefix.pch";
				INFOPLIST_FILE = "bus/bus-Info.plist";
				PRODUCT_NAME = "$(TARGET_NAME)";
				WRAPPER_EXTENSION = app;
			};
			name = Debug;
		};
		DA8ADEF3167303BC0019C595 /* Release */ = {
			isa = XCBuildConfiguration;
			buildSettings = {
				GCC_PRECOMPILE_PREFIX_HEADER = YES;
				GCC_PREFIX_HEADER = "bus/bus-Prefix.pch";
				INFOPLIST_FILE = "bus/bus-Info.plist";
				PRODUCT_NAME = "$(TARGET_NAME)";
				WRAPPER_EXTENSION = app;
			};
			name = Release;
		};
		DA8ADEF5167303BC0019C595 /* Debug */ = {
			isa = XCBuildConfiguration;
			buildSettings = {
				BUNDLE_LOADER = "$(BUILT_PRODUCTS_DIR)/bus.app/bus";
				FRAMEWORK_SEARCH_PATHS = (
					"\"$(SDKROOT)/Developer/Library/Frameworks\"",
					"\"$(DEVELOPER_LIBRARY_DIR)/Frameworks\"",
				);
				GCC_PRECOMPILE_PREFIX_HEADER = YES;
				GCC_PREFIX_HEADER = "bus/bus-Prefix.pch";
				INFOPLIST_FILE = "busTests/busTests-Info.plist";
				PRODUCT_NAME = "$(TARGET_NAME)";
				TEST_HOST = "$(BUNDLE_LOADER)";
				WRAPPER_EXTENSION = octest;
			};
			name = Debug;
		};
		DA8ADEF6167303BC0019C595 /* Release */ = {
			isa = XCBuildConfiguration;
			buildSettings = {
				BUNDLE_LOADER = "$(BUILT_PRODUCTS_DIR)/bus.app/bus";
				FRAMEWORK_SEARCH_PATHS = (
					"\"$(SDKROOT)/Developer/Library/Frameworks\"",
					"\"$(DEVELOPER_LIBRARY_DIR)/Frameworks\"",
				);
				GCC_PRECOMPILE_PREFIX_HEADER = YES;
				GCC_PREFIX_HEADER = "bus/bus-Prefix.pch";
				INFOPLIST_FILE = "busTests/busTests-Info.plist";
				PRODUCT_NAME = "$(TARGET_NAME)";
				TEST_HOST = "$(BUNDLE_LOADER)";
				WRAPPER_EXTENSION = octest;
			};
			name = Release;
		};
/* End XCBuildConfiguration section */

/* Begin XCConfigurationList section */
		DA8ADEA7167303BB0019C595 /* Build configuration list for PBXProject "bus" */ = {
			isa = XCConfigurationList;
			buildConfigurations = (
				DA8ADEEF167303BC0019C595 /* Debug */,
				DA8ADEF0167303BC0019C595 /* Release */,
			);
			defaultConfigurationIsVisible = 0;
			defaultConfigurationName = Release;
		};
		DA8ADEF1167303BC0019C595 /* Build configuration list for PBXNativeTarget "bus" */ = {
			isa = XCConfigurationList;
			buildConfigurations = (
				DA8ADEF2167303BC0019C595 /* Debug */,
				DA8ADEF3167303BC0019C595 /* Release */,
			);
			defaultConfigurationIsVisible = 0;
		};
		DA8ADEF4167303BC0019C595 /* Build configuration list for PBXNativeTarget "busTests" */ = {
			isa = XCConfigurationList;
			buildConfigurations = (
				DA8ADEF5167303BC0019C595 /* Debug */,
				DA8ADEF6167303BC0019C595 /* Release */,
			);
			defaultConfigurationIsVisible = 0;
		};
/* End XCConfigurationList section */
	};
	rootObject = DA8ADEA4167303BB0019C595 /* Project object */;
}
